[[package]]
category = "main"
description = "An abstract syntax tree for Python with inference support."
name = "astroid"
optional = false
python-versions = ">=3.4.*"
version = "2.2.5"

[package.dependencies]
lazy-object-proxy = "*"
six = "*"
typed-ast = ">=1.3.0"
wrapt = "*"

[[package]]
category = "main"
description = "Composable command line interface toolkit"
name = "click"
optional = false
python-versions = ">=2.7, !=3.0.*, !=3.1.*, !=3.2.*, !=3.3.*"
version = "7.0"

[[package]]
category = "main"
description = "Cross-platform colored terminal text."
marker = "sys_platform == \"win32\""
name = "colorama"
optional = false
python-versions = ">=2.7, !=3.0.*, !=3.1.*, !=3.2.*, !=3.3.*, !=3.4.*"
version = "0.4.4"

[[package]]
category = "main"
description = "ECDSA cryptographic signature library (pure python)"
name = "ecdsa"
optional = false
python-versions = "*"
version = "0.13.2"

[[package]]
category = "main"
description = "A simple framework for building complex web applications."
name = "flask"
optional = false
python-versions = "*"
version = "1.0.2"

[package.dependencies]
Jinja2 = ">=2.10"
Werkzeug = ">=0.14"
click = ">=5.1"
itsdangerous = ">=0.24"

[package.extras]
dev = ["pytest (>=3)", "coverage", "tox", "sphinx", "pallets-sphinx-themes", "sphinxcontrib-log-cabinet"]
docs = ["sphinx", "pallets-sphinx-themes", "sphinxcontrib-log-cabinet"]
dotenv = ["python-dotenv"]

[[package]]
category = "main"
description = "A Flask extension adding a decorator for CORS support"
name = "flask-cors"
optional = false
python-versions = "*"
version = "3.0.8"

[package.dependencies]
Flask = ">=0.9"
Six = "*"

[[package]]
category = "main"
description = "Adds SQLAlchemy support to your Flask application."
name = "flask-sqlalchemy"
optional = false
python-versions = ">= 2.7, != 3.0.*, != 3.1.*, != 3.2.*, != 3.3.*"
version = "2.4.0"

[package.dependencies]
Flask = ">=0.10"
SQLAlchemy = ">=0.8.0"

[[package]]
category = "main"
description = "Clean single-source support for Python 3 and 2"
name = "future"
optional = false
python-versions = ">=2.6, !=3.0.*, !=3.1.*, !=3.2.*"
version = "0.17.1"

[[package]]
category = "main"
description = "A Python utility / library to sort Python imports."
name = "isort"
optional = false
python-versions = ">=2.7, !=3.0.*, !=3.1.*, !=3.2.*, !=3.3.*"
version = "4.3.18"

[package.extras]
pipfile = ["pipreqs", "requirementslib"]
pyproject = ["toml"]
requirements = ["pipreqs", "pip-api"]
xdg_home = ["appdirs (>=1.4.0)"]

[[package]]
category = "main"
description = "Various helpers to pass data to untrusted environments and back."
name = "itsdangerous"
optional = false
python-versions = ">=2.7, !=3.0.*, !=3.1.*, !=3.2.*, !=3.3.*"
version = "1.1.0"

[[package]]
category = "main"
description = "A small but fast and easy to use stand-alone template engine written in pure python."
name = "jinja2"
optional = false
python-versions = "*"
version = "2.10.1"

[package.dependencies]
MarkupSafe = ">=0.23"

[package.extras]
i18n = ["Babel (>=0.8)"]

[[package]]
category = "main"
description = "A fast and thorough lazy object proxy."
name = "lazy-object-proxy"
optional = false
python-versions = ">=2.7, !=3.0.*, !=3.1.*, !=3.2.*, !=3.3.*"
version = "1.4.0"

[[package]]
category = "main"
description = "Safely add untrusted strings to HTML/XML markup."
name = "markupsafe"
optional = false
python-versions = ">=2.7,!=3.0.*,!=3.1.*,!=3.2.*,!=3.3.*"
version = "1.1.1"

[[package]]
category = "main"
description = "McCabe checker, plugin for flake8"
name = "mccabe"
optional = false
python-versions = "*"
version = "0.6.1"

[[package]]
category = "main"
description = "Cryptographic library for Python"
name = "pycryptodome"
optional = false
python-versions = "*"
version = "3.3.1"

[[package]]
category = "main"
description = "python code static checker"
name = "pylint"
optional = false
python-versions = ">=3.4.*"
version = "2.3.1"

[package.dependencies]
astroid = ">=2.2.0,<3"
colorama = "*"
isort = ">=4.2.5,<5"
mccabe = ">=0.6,<0.7"

[[package]]
category = "main"
description = "JOSE implementation in Python using pycryptodome"
name = "python-jose-cryptodome"
optional = false
python-versions = "*"
version = "1.3.2"

[package.dependencies]
ecdsa = "<1.0"
future = "<1.0"
pycryptodome = ">=3.3.1,<3.4.0"
six = "<2.0"

[[package]]
category = "main"
description = "Python 2 and 3 compatibility utilities"
name = "six"
optional = false
python-versions = ">=2.6, !=3.0.*, !=3.1.*"
version = "1.12.0"

[[package]]
category = "main"
description = "Database Abstraction Library"
name = "sqlalchemy"
optional = false
python-versions = ">=2.7, !=3.0.*, !=3.1.*, !=3.2.*, !=3.3.*"
version = "1.3.3"

[package.extras]
mssql = ["pyodbc"]
mssql_pymssql = ["pymssql"]
mssql_pyodbc = ["pyodbc"]
mysql = ["mysqlclient"]
oracle = ["cx-oracle"]
postgresql = ["psycopg2"]
postgresql_pg8000 = ["pg8000"]
postgresql_psycopg2binary = ["psycopg2-binary"]
postgresql_psycopg2cffi = ["psycopg2cffi"]
pymysql = ["pymysql"]

[[package]]
category = "main"
description = "a fork of Python 2 and 3 ast modules with type comment support"
marker = "implementation_name == \"cpython\""
name = "typed-ast"
optional = false
python-versions = "*"
version = "1.4.2"

[[package]]
category = "main"
description = "The comprehensive WSGI web application library."
name = "werkzeug"
optional = false
python-versions = ">=2.7, !=3.0.*, !=3.1.*, !=3.2.*, !=3.3.*"
version = "0.15.2"

[package.extras]
dev = ["pytest", "coverage", "tox", "sphinx", "pallets-sphinx-themes", "sphinx-issues"]
termcolor = ["termcolor"]
watchdog = ["watchdog"]

[[package]]
category = "main"
description = "Module for decorators, wrappers and monkey patching."
name = "wrapt"
optional = false
python-versions = "*"
version = "1.11.1"

[metadata]
content-hash = "8ab1fd315016c633cacb321d4de592926853b3a1dbd569de8bbfc0ce05fb3a08"
python-versions = "^3.8"

[metadata.files]
astroid = [
    {file = "astroid-2.2.5-py3-none-any.whl", hash = "sha256:b65db1bbaac9f9f4d190199bb8680af6f6f84fd3769a5ea883df8a91fe68b4c4"},
    {file = "astroid-2.2.5.tar.gz", hash = "sha256:6560e1e1749f68c64a4b5dee4e091fce798d2f0d84ebe638cf0e0585a343acf4"},
]
click = [
    {file = "Click-7.0-py2.py3-none-any.whl", hash = "sha256:2335065e6395b9e67ca716de5f7526736bfa6ceead690adf616d925bdc622b13"},
    {file = "Click-7.0.tar.gz", hash = "sha256:5b94b49521f6456670fdb30cd82a4eca9412788a93fa6dd6df72c94d5a8ff2d7"},
]
colorama = [
    {file = "colorama-0.4.4-py2.py3-none-any.whl", hash = "sha256:9f47eda37229f68eee03b24b9748937c7dc3868f906e8ba69fbcbdd3bc5dc3e2"},
    {file = "colorama-0.4.4.tar.gz", hash = "sha256:5941b2b48a20143d2267e95b1c2a7603ce057ee39fd88e7329b0c292aa16869b"},
]
ecdsa = [
    {file = "ecdsa-0.13.2-py2.py3-none-any.whl", hash = "sha256:20c17e527e75acad8f402290e158a6ac178b91b881f941fc6ea305bfdfb9657c"},
    {file = "ecdsa-0.13.2.tar.gz", hash = "sha256:5c034ffa23413ac923541ceb3ac14ec15a0d2530690413bff58c12b80e56d884"},
]
flask = [
    {file = "Flask-1.0.2-py2.py3-none-any.whl", hash = "sha256:a080b744b7e345ccfcbc77954861cb05b3c63786e93f2b3875e0913d44b43f05"},
    {file = "Flask-1.0.2.tar.gz", hash = "sha256:2271c0070dbcb5275fad4a82e29f23ab92682dc45f9dfbc22c02ba9b9322ce48"},
]
flask-cors = [
    {file = "Flask-Cors-3.0.8.tar.gz", hash = "sha256:72170423eb4612f0847318afff8c247b38bd516b7737adfc10d1c2cdbb382d16"},
    {file = "Flask_Cors-3.0.8-py2.py3-none-any.whl", hash = "sha256:f4d97201660e6bbcff2d89d082b5b6d31abee04b1b3003ee073a6fd25ad1d69a"},
]
flask-sqlalchemy = [
    {file = "Flask-SQLAlchemy-2.4.0.tar.gz", hash = "sha256:0c9609b0d72871c540a7945ea559c8fdf5455192d2db67219509aed680a3d45a"},
    {file = "Flask_SQLAlchemy-2.4.0-py2.py3-none-any.whl", hash = "sha256:8631bbea987bc3eb0f72b1f691d47bd37ceb795e73b59ab48586d76d75a7c605"},
]
future = [
    {file = "future-0.17.1.tar.gz", hash = "sha256:67045236dcfd6816dc439556d009594abf643e5eb48992e36beac09c2ca659b8"},
]
isort = [
    {file = "isort-4.3.18-py2.py3-none-any.whl", hash = "sha256:1349c6f7c2a0f7539f5f2ace51a9a8e4a37086ce4de6f78f5f53fb041d0a3cd5"},
    {file = "isort-4.3.18.tar.gz", hash = "sha256:f09911f6eb114e5592abe635aded8bf3d2c3144ebcfcaf81ee32e7af7b7d1870"},
]
itsdangerous = [
    {file = "itsdangerous-1.1.0-py2.py3-none-any.whl", hash = "sha256:b12271b2047cb23eeb98c8b5622e2e5c5e9abd9784a153e9d8ef9cb4dd09d749"},
    {file = "itsdangerous-1.1.0.tar.gz", hash = "sha256:321b033d07f2a4136d3ec762eac9f16a10ccd60f53c0c91af90217ace7ba1f19"},
]
jinja2 = [
    {file = "Jinja2-2.10.1-py2.py3-none-any.whl", hash = "sha256:14dd6caf1527abb21f08f86c784eac40853ba93edb79552aa1e4b8aef1b61c7b"},
    {file = "Jinja2-2.10.1.tar.gz", hash = "sha256:065c4f02ebe7f7cf559e49ee5a95fb800a9e4528727aec6f24402a5374c65013"},
]
lazy-object-proxy = [
    {file = "lazy-object-proxy-1.4.0.tar.gz", hash = "sha256:7fb11d33d99a374e4b0c3fb20128890b9cf784ca7e4b91ecbb191d34618bd9fe"},
    {file = "lazy_object_proxy-1.4.0-cp27-cp27m-macosx_10_13_x86_64.whl", hash = "sha256:91c7e1316116fedda36818ce7cd269378fffc4219781536eff441ea1e68e1caf"},
    {file = "lazy_object_proxy-1.4.0-cp27-cp27m-win32.whl", hash = "sha256:495c583b363c3eded649e2c00177093f03f856f5c9f95b527420084a9ce17b9d"},
    {file = "lazy_object_proxy-1.4.0-cp27-cp27m-win_amd64.whl", hash = "sha256:a8be3cfd7c3154e8d39276c627c5e7ee55d1f2094597b060ece99620ef9fe86b"},
    {file = "lazy_object_proxy-1.4.0-cp27-cp27mu-manylinux1_x86_64.whl", hash = "sha256:afcab74f471652b643900e0862b31892ac5fe5a75e435b786a1825855f4effdf"},
    {file = "lazy_object_proxy-1.4.0-cp34-cp34m-manylinux1_x86_64.whl", hash = "sha256:8758715ea005afa293783797498d64f40ab14d1ded208b3e282760cde9512f1d"},
    {file = "lazy_object_proxy-1.4.0-cp34-cp34m-win32.whl", hash = "sha256:f03a21f6f6e54778860122a620f70c8b148ec4ee175968782bcaaa94955a46f9"},
    {file = "lazy_object_proxy-1.4.0-cp34-cp34m-win_amd64.whl", hash = "sha256:7e63da94f5a1ddb0d2dcdb5d17ff4d1d33f51f3368bdf0475d5f56c0f3b99592"},
    {file = "lazy_object_proxy-1.4.0-cp35-cp35m-manylinux1_x86_64.whl", hash = "sha256:d6957cadc9c079ef4697564af500d52fba6d14fb2f08d20ce92f52201fb77050"},
    {file = "lazy_object_proxy-1.4.0-cp35-cp35m-win32.whl", hash = "sha256:118d53f8819f9457732dd0e418752f2850f395c5405b2e12485f52336e4ad0f5"},
    {file = "lazy_object_proxy-1.4.0-cp35-cp35m-win_amd64.whl", hash = "sha256:55fa9eab93482891ce97473e63610efdd9c8fa5c05cca9f60468c412e602e499"},
    {file = "lazy_object_proxy-1.4.0-cp36-cp36m-manylinux1_x86_64.whl", hash = "sha256:8995543f47a8b81962e384f12791114af9f4997be7a0db71abc40d2a2dfee961"},
    {file = "lazy_object_proxy-1.4.0-cp36-cp36m-win32.whl", hash = "sha256:7003959a170fde9b92936c38562810f94679c80608fb4b007e026b915bef8b27"},
    {file = "lazy_object_proxy-1.4.0-cp36-cp36m-win_amd64.whl", hash = "sha256:642fc0a9b61920669dab66e400f79f1b8b0e8f698dcde85f7e9ae5528dbcaf4a"},
    {file = "lazy_object_proxy-1.4.0-cp37-cp37m-macosx_10_13_x86_64.whl", hash = "sha256:d49a90c27074f44c8dc147d83e31140523948ee147b3248634c540e053caea58"},
    {file = "lazy_object_proxy-1.4.0-cp37-cp37m-manylinux1_x86_64.whl", hash = "sha256:9b41ec246d31ca6a840dcf67673b2668adc5a095c64310d26d73292588563ea3"},
    {file = "lazy_object_proxy-1.4.0-cp37-cp37m-win32.whl", hash = "sha256:f6c718ffca055852479880debbe717da952fcfd60067a0ddb6fe3b053b1d4de0"},
    {file = "lazy_object_proxy-1.4.0-cp37-cp37m-win_amd64.whl", hash = "sha256:da7f2a6c82a11dc4e05bab73522f0d6dd4f3bbc8378cd4b0769137f342cdb3f0"},
]
markupsafe = [
    {file = "MarkupSafe-1.1.1-cp27-cp27m-macosx_10_6_intel.whl", hash = "sha256:09027a7803a62ca78792ad89403b1b7a73a01c8cb65909cd876f7fcebd79b161"},
    {file = "MarkupSafe-1.1.1-cp27-cp27m-manylinux1_i686.whl", hash = "sha256:e249096428b3ae81b08327a63a485ad0878de3fb939049038579ac0ef61e17e7"},
    {file = "MarkupSafe-1.1.1-cp27-cp27m-manylinux1_x86_64.whl", hash = "sha256:500d4957e52ddc3351cabf489e79c91c17f6e0899158447047588650b5e69183"},
    {file = "MarkupSafe-1.1.1-cp27-cp27m-win32.whl", hash = "sha256:b2051432115498d3562c084a49bba65d97cf251f5a331c64a12ee7e04dacc51b"},
    {file = "MarkupSafe-1.1.1-cp27-cp27m-win_amd64.whl", hash = "sha256:98c7086708b163d425c67c7a91bad6e466bb99d797aa64f965e9d25c12111a5e"},
    {file = "MarkupSafe-1.1.1-cp27-cp27mu-manylinux1_i686.whl", hash = "sha256:cd5df75523866410809ca100dc9681e301e3c27567cf498077e8551b6d20e42f"},
    {file = "MarkupSafe-1.1.1-cp27-cp27mu-manylinux1_x86_64.whl", hash = "sha256:43a55c2930bbc139570ac2452adf3d70cdbb3cfe5912c71cdce1c2c6bbd9c5d1"},
    {file = "MarkupSafe-1.1.1-cp34-cp34m-macosx_10_6_intel.whl", hash = "sha256:1027c282dad077d0bae18be6794e6b6b8c91d58ed8a8d89a89d59693b9131db5"},
    {file = "MarkupSafe-1.1.1-cp34-cp34m-manylinux1_i686.whl", hash = "sha256:62fe6c95e3ec8a7fad637b7f3d372c15ec1caa01ab47926cfdf7a75b40e0eac1"},
    {file = "MarkupSafe-1.1.1-cp34-cp34m-manylinux1_x86_64.whl", hash = "sha256:88e5fcfb52ee7b911e8bb6d6aa2fd21fbecc674eadd44118a9cc3863f938e735"},
    {file = "MarkupSafe-1.1.1-cp34-cp34m-win32.whl", hash = "sha256:ade5e387d2ad0d7ebf59146cc00c8044acbd863725f887353a10df825fc8ae21"},
    {file = "MarkupSafe-1.1.1-cp34-cp34m-win_amd64.whl", hash = "sha256:09c4b7f37d6c648cb13f9230d847adf22f8171b1ccc4d5682398e77f40309235"},
    {file = "MarkupSafe-1.1.1-cp35-cp35m-macosx_10_6_intel.whl", hash = "sha256:79855e1c5b8da654cf486b830bd42c06e8780cea587384cf6545b7d9ac013a0b"},
    {file = "MarkupSafe-1.1.1-cp35-cp35m-manylinux1_i686.whl", hash = "sha256:c8716a48d94b06bb3b2524c2b77e055fb313aeb4ea620c8dd03a105574ba704f"},
    {file = "MarkupSafe-1.1.1-cp35-cp35m-manylinux1_x86_64.whl", hash = "sha256:7c1699dfe0cf8ff607dbdcc1e9b9af1755371f92a68f706051cc8c37d447c905"},
    {file = "MarkupSafe-1.1.1-cp35-cp35m-win32.whl", hash = "sha256:6dd73240d2af64df90aa7c4e7481e23825ea70af4b4922f8ede5b9e35f78a3b1"},
    {file = "MarkupSafe-1.1.1-cp35-cp35m-win_amd64.whl", hash = "sha256:9add70b36c5666a2ed02b43b335fe19002ee5235efd4b8a89bfcf9005bebac0d"},
    {file = "MarkupSafe-1.1.1-cp36-cp36m-macosx_10_6_intel.whl", hash = "sha256:24982cc2533820871eba85ba648cd53d8623687ff11cbb805be4ff7b4c971aff"},
    {file = "MarkupSafe-1.1.1-cp36-cp36m-manylinux1_i686.whl", hash = "sha256:00bc623926325b26bb9605ae9eae8a215691f33cae5df11ca5424f06f2d1f473"},
    {file = "MarkupSafe-1.1.1-cp36-cp36m-manylinux1_x86_64.whl", hash = "sha256:717ba8fe3ae9cc0006d7c451f0bb265ee07739daf76355d06366154ee68d221e"},
    {file = "MarkupSafe-1.1.1-cp36-cp36m-win32.whl", hash = "sha256:535f6fc4d397c1563d08b88e485c3496cf5784e927af890fb3c3aac7f933ec66"},
    {file = "MarkupSafe-1.1.1-cp36-cp36m-win_amd64.whl", hash = "sha256:b1282f8c00509d99fef04d8ba936b156d419be841854fe901d8ae224c59f0be5"},
    {file = "MarkupSafe-1.1.1-cp37-cp37m-macosx_10_6_intel.whl", hash = "sha256:8defac2f2ccd6805ebf65f5eeb132adcf2ab57aa11fdf4c0dd5169a004710e7d"},
    {file = "MarkupSafe-1.1.1-cp37-cp37m-manylinux1_i686.whl", hash = "sha256:46c99d2de99945ec5cb54f23c8cd5689f6d7177305ebff350a58ce5f8de1669e"},
    {file = "MarkupSafe-1.1.1-cp37-cp37m-manylinux1_x86_64.whl", hash = "sha256:ba59edeaa2fc6114428f1637ffff42da1e311e29382d81b339c1817d37ec93c6"},
    {file = "MarkupSafe-1.1.1-cp37-cp37m-win32.whl", hash = "sha256:b00c1de48212e4cc9603895652c5c410df699856a2853135b3967591e4beebc2"},
    {file = "MarkupSafe-1.1.1-cp37-cp37m-win_amd64.whl", hash = "sha256:9bf40443012702a1d2070043cb6291650a0841ece432556f784f004937f0f32c"},
    {file = "MarkupSafe-1.1.1-cp38-cp38-macosx_10_9_x86_64.whl", hash = "sha256:6788b695d50a51edb699cb55e35487e430fa21f1ed838122d722e0ff0ac5ba15"},
    {file = "MarkupSafe-1.1.1-cp38-cp38-manylinux1_i686.whl", hash = "sha256:cdb132fc825c38e1aeec2c8aa9338310d29d337bebbd7baa06889d09a60a1fa2"},
    {file = "MarkupSafe-1.1.1-cp38-cp38-manylinux1_x86_64.whl", hash = "sha256:13d3144e1e340870b25e7b10b98d779608c02016d5184cfb9927a9f10c689f42"},
    {file = "MarkupSafe-1.1.1-cp38-cp38-win32.whl", hash = "sha256:596510de112c685489095da617b5bcbbac7dd6384aeebeda4df6025d0256a81b"},
    {file = "MarkupSafe-1.1.1-cp38-cp38-win_amd64.whl", hash = "sha256:e8313f01ba26fbbe36c7be1966a7b7424942f670f38e666995b88d012765b9be"},
    {file = "MarkupSafe-1.1.1.tar.gz", hash = "sha256:29872e92839765e546828bb7754a68c418d927cd064fd4708fab9fe9c8bb116b"},
]
mccabe = [
    {file = "mccabe-0.6.1-py2.py3-none-any.whl", hash = "sha256:ab8a6258860da4b6677da4bd2fe5dc2c659cff31b3ee4f7f5d64e79735b80d42"},
    {file = "mccabe-0.6.1.tar.gz", hash = "sha256:dd8d182285a0fe56bace7f45b5e7d1a6ebcbf524e8f3bd87eb0f125271b8831f"},
]
pycryptodome = [
    {file = "pycryptodome-3.3.1-cp27-none-win32.whl", hash = "sha256:c292deeca9176c162e5a8e19be9c60edb99e855dbad3ea032f94e23249873ba6"},
    {file = "pycryptodome-3.3.1-cp27-none-win_amd64.whl", hash = "sha256:ba62f6b9ae09a88cbe3328aa1ccc1696462d489c92f73920ec473773f2f92f84"},
    {file = "pycryptodome-3.3.1-cp33-none-win32.whl", hash = "sha256:6277eee3979f19d03d7d02a4d256c4a52a5958709720a060faeb716ea83f2d48"},
    {file = "pycryptodome-3.3.1-cp33-none-win_amd64.whl", hash = "sha256:234c416c8ae31b4ffab57bf89e4b2812687f247263a90dbadc540ec511a2837d"},
    {file = "pycryptodome-3.3.1-cp34-none-win32.whl", hash = "sha256:ab96ff95cf879a57e2736f78238e2b731516f4b0e7c572b861d6b3eced42caf5"},
    {file = "pycryptodome-3.3.1-cp34-none-win_amd64.whl", hash = "sha256:76d03ca52cf61a0d21e161c251cd81f0c13494b6f6771cb934770fabceb58068"},
    {file = "pycryptodome-3.3.1-cp35-none-win32.whl", hash = "sha256:6e09c84b9e4e97bd9b1c763f43e48d248e8733f597c7c9f8cefca658d9c9f6b9"},
    {file = "pycryptodome-3.3.1-cp35-none-win_amd64.whl", hash = "sha256:4e83913f03358e66ec675d5963886335919e0c3efaadb4b6e920f44199fd2ab9"},
    {file = "pycryptodome-3.3.1.tar.gz", hash = "sha256:1b52d5643e243a6d5ba4b5706e6ae59ee61b14e800ff812c1e47ec4dfe8e4761"},
]
pylint = [
    {file = "pylint-2.3.1-py3-none-any.whl", hash = "sha256:5d77031694a5fb97ea95e828c8d10fc770a1df6eb3906067aaed42201a8a6a09"},
    {file = "pylint-2.3.1.tar.gz", hash = "sha256:723e3db49555abaf9bf79dc474c6b9e2935ad82230b10c1138a71ea41ac0fff1"},
]
python-jose-cryptodome = [
    {file = "python-jose-cryptodome-1.3.2.tar.gz", hash = "sha256:9226693ee9ff52795ea8bfc70e0b77c62dca9a0f0fcbf9635c248d190211826e"},
    {file = "python_jose_cryptodome-1.3.2-py2.py3-none-any.whl", hash = "sha256:4c42416ae9cf06cab312bc2f236099647162cc61f4376d3c8af60e465a5b5697"},
]
six = [
    {file = "six-1.12.0-py2.py3-none-any.whl", hash = "sha256:3350809f0555b11f552448330d0b52d5f24c91a322ea4a15ef22629740f3761c"},
    {file = "six-1.12.0.tar.gz", hash = "sha256:d16a0141ec1a18405cd4ce8b4613101da75da0e9a7aec5bdd4fa804d0e0eba73"},
]
sqlalchemy = [
    {file = "SQLAlchemy-1.3.3.tar.gz", hash = "sha256:91c54ca8345008fceaec987e10924bf07dcab36c442925357e5a467b36a38319"},
]
typed-ast = [
    {file = "typed_ast-1.4.2-cp35-cp35m-manylinux1_i686.whl", hash = "sha256:7703620125e4fb79b64aa52427ec192822e9f45d37d4b6625ab37ef403e1df70"},
    {file = "typed_ast-1.4.2-cp35-cp35m-manylinux1_x86_64.whl", hash = "sha256:c9aadc4924d4b5799112837b226160428524a9a45f830e0d0f184b19e4090487"},
    {file = "typed_ast-1.4.2-cp35-cp35m-manylinux2014_aarch64.whl", hash = "sha256:9ec45db0c766f196ae629e509f059ff05fc3148f9ffd28f3cfe75d4afb485412"},
    {file = "typed_ast-1.4.2-cp35-cp35m-win32.whl", hash = "sha256:85f95aa97a35bdb2f2f7d10ec5bbdac0aeb9dafdaf88e17492da0504de2e6400"},
    {file = "typed_ast-1.4.2-cp35-cp35m-win_amd64.whl", hash = "sha256:9044ef2df88d7f33692ae3f18d3be63dec69c4fb1b5a4a9ac950f9b4ba571606"},
    {file = "typed_ast-1.4.2-cp36-cp36m-macosx_10_9_x86_64.whl", hash = "sha256:c1c876fd795b36126f773db9cbb393f19808edd2637e00fd6caba0e25f2c7b64"},
    {file = "typed_ast-1.4.2-cp36-cp36m-manylinux1_i686.whl", hash = "sha256:5dcfc2e264bd8a1db8b11a892bd1647154ce03eeba94b461effe68790d8b8e07"},
    {file = "typed_ast-1.4.2-cp36-cp36m-manylinux1_x86_64.whl", hash = "sha256:8db0e856712f79c45956da0c9a40ca4246abc3485ae0d7ecc86a20f5e4c09abc"},
    {file = "typed_ast-1.4.2-cp36-cp36m-manylinux2014_aarch64.whl", hash = "sha256:d003156bb6a59cda9050e983441b7fa2487f7800d76bdc065566b7d728b4581a"},
    {file = "typed_ast-1.4.2-cp36-cp36m-win32.whl", hash = "sha256:4c790331247081ea7c632a76d5b2a265e6d325ecd3179d06e9cf8d46d90dd151"},
    {file = "typed_ast-1.4.2-cp36-cp36m-win_amd64.whl", hash = "sha256:d175297e9533d8d37437abc14e8a83cbc68af93cc9c1c59c2c292ec59a0697a3"},
    {file = "typed_ast-1.4.2-cp37-cp37m-macosx_10_9_x86_64.whl", hash = "sha256:cf54cfa843f297991b7388c281cb3855d911137223c6b6d2dd82a47ae5125a41"},
    {file = "typed_ast-1.4.2-cp37-cp37m-manylinux1_i686.whl", hash = "sha256:b4fcdcfa302538f70929eb7b392f536a237cbe2ed9cba88e3bf5027b39f5f77f"},
    {file = "typed_ast-1.4.2-cp37-cp37m-manylinux1_x86_64.whl", hash = "sha256:987f15737aba2ab5f3928c617ccf1ce412e2e321c77ab16ca5a293e7bbffd581"},
    {file = "typed_ast-1.4.2-cp37-cp37m-manylinux2014_aarch64.whl", hash = "sha256:37f48d46d733d57cc70fd5f30572d11ab8ed92da6e6b28e024e4a3edfb456e37"},
    {file = "typed_ast-1.4.2-cp37-cp37m-win32.whl", hash = "sha256:36d829b31ab67d6fcb30e185ec996e1f72b892255a745d3a82138c97d21ed1cd"},
    {file = "typed_ast-1.4.2-cp37-cp37m-win_amd64.whl", hash = "sha256:8368f83e93c7156ccd40e49a783a6a6850ca25b556c0fa0240ed0f659d2fe496"},
    {file = "typed_ast-1.4.2-cp38-cp38-macosx_10_9_x86_64.whl", hash = "sha256:963c80b583b0661918718b095e02303d8078950b26cc00b5e5ea9ababe0de1fc"},
    {file = "typed_ast-1.4.2-cp38-cp38-manylinux1_i686.whl", hash = "sha256:e683e409e5c45d5c9082dc1daf13f6374300806240719f95dc783d1fc942af10"},
    {file = "typed_ast-1.4.2-cp38-cp38-manylinux1_x86_64.whl", hash = "sha256:84aa6223d71012c68d577c83f4e7db50d11d6b1399a9c779046d75e24bed74ea"},
    {file = "typed_ast-1.4.2-cp38-cp38-manylinux2014_aarch64.whl", hash = "sha256:a38878a223bdd37c9709d07cd357bb79f4c760b29210e14ad0fb395294583787"},
    {file = "typed_ast-1.4.2-cp38-cp38-win32.whl", hash = "sha256:a2c927c49f2029291fbabd673d51a2180038f8cd5a5b2f290f78c4516be48be2"},
    {file = "typed_ast-1.4.2-cp38-cp38-win_amd64.whl", hash = "sha256:c0c74e5579af4b977c8b932f40a5464764b2f86681327410aa028a22d2f54937"},
    {file = "typed_ast-1.4.2-cp39-cp39-macosx_10_9_x86_64.whl", hash = "sha256:07d49388d5bf7e863f7fa2f124b1b1d89d8aa0e2f7812faff0a5658c01c59aa1"},
    {file = "typed_ast-1.4.2-cp39-cp39-manylinux1_i686.whl", hash = "sha256:240296b27397e4e37874abb1df2a608a92df85cf3e2a04d0d4d61055c8305ba6"},
    {file = "typed_ast-1.4.2-cp39-cp39-manylinux1_x86_64.whl", hash = "sha256:d746a437cdbca200622385305aedd9aef68e8a645e385cc483bdc5e488f07166"},
    {file = "typed_ast-1.4.2-cp39-cp39-manylinux2014_aarch64.whl", hash = "sha256:14bf1522cdee369e8f5581238edac09150c765ec1cb33615855889cf33dcb92d"},
    {file = "typed_ast-1.4.2-cp39-cp39-win32.whl", hash = "sha256:cc7b98bf58167b7f2db91a4327da24fb93368838eb84a44c472283778fc2446b"},
    {file = "typed_ast-1.4.2-cp39-cp39-win_amd64.whl", hash = "sha256:7147e2a76c75f0f64c4319886e7639e490fee87c9d25cb1d4faef1d8cf83a440"},
    {file = "typed_ast-1.4.2.tar.gz", hash = "sha256:9fc0b3cb5d1720e7141d103cf4819aea239f7d136acf9ee4a69b047b7986175a"},
]
werkzeug = [
    {file = "Werkzeug-0.15.2-py2.py3-none-any.whl", hash = "sha256:7fad9770a8778f9576693f0cc29c7dcc36964df916b83734f4431c0e612a7fbc"},
    {file = "Werkzeug-0.15.2.tar.gz", hash = "sha256:0a73e8bb2ff2feecfc5d56e6f458f5b99290ef34f565ffb2665801ff7de6af7a"},
]
wrapt = [
    {file = "wrapt-1.11.1.tar.gz", hash = "sha256:4aea003270831cceb8a90ff27c4031da6ead7ec1886023b80ce0dfe0adf61533"},
]
